
Microsoft Visual Studio Solution File, Format Version 12.00
# Visual Studio Version 17
VisualStudioVersion = 17.2.32630.192
MinimumVisualStudioVersion = 10.0.40219.1
Project("{FAE04EC0-301F-11D3-BF4B-00C04F79EFBC}") = "proyecto_ejemplo_back_end", "proyecto_ejemplo_back_end\proyecto_ejemplo_back_end.csproj", "{DA2E589A-AA55-4661-A6D0-F5E7232655C9}"
EndProject
Global
	GlobalSection(SolutionConfigurationPlatforms) = preSolution
		Debug|Any CPU = Debug|Any CPU
		Release|Any CPU = Release|Any CPU
	EndGlobalSection
	GlobalSection(ProjectConfigurationPlatforms) = postSolution
		{DA2E589A-AA55-4661-A6D0-F5E7232655C9}.Debug|Any CPU.ActiveCfg = Debug|Any CPU
		{DA2E589A-AA55-4661-A6D0-F5E7232655C9}.Debug|Any CPU.Build.0 = Debug|Any CPU
		{DA2E589A-AA55-4661-A6D0-F5E7232655C9}.Release|Any CPU.ActiveCfg = Release|Any CPU
		{DA2E589A-AA55-4661-A6D0-F5E7232655C9}.Release|Any CPU.Build.0 = Release|Any CPU
	EndGlobalSection
	GlobalSection(SolutionProperties) = preSolution
		HideSolutionNode = FALSE
	EndGlobalSection
	GlobalSection(ExtensibilityGlobals) = postSolution
		SolutionGuid = {38ABC0E3-7B65-49F4-AB48-5A2EF0E8CEE4}
	EndGlobalSection
EndGlobal
